
Microsoft Visual Studio Solution File, Format Version 12.00
# Visual Studio Version 16
VisualStudioVersion = 16.0.29709.97
MinimumVisualStudioVersion = 10.0.40219.1
Project("{888888A0-9F3D-457C-B088-3A5042F75D52}") = "helloworld", "helloworld.pyproj", "{A896C8B3-0645-4473-A352-E0C4A3F62EAA}"
EndProject
Global
	GlobalSection(SolutionConfigurationPlatforms) = preSolution
		Debug|Any CPU = Debug|Any CPU
		Release|Any CPU = Release|Any CPU
	EndGlobalSection
	GlobalSection(ProjectConfigurationPlatforms) = postSolution
		{A896C8B3-0645-4473-A352-E0C4A3F62EAA}.Debug|Any CPU.ActiveCfg = Debug|Any CPU
		{A896C8B3-0645-4473-A352-E0C4A3F62EAA}.Release|Any CPU.ActiveCfg = Release|Any CPU
	EndGlobalSection
	GlobalSection(SolutionProperties) = preSolution
		HideSolutionNode = FALSE
	EndGlobalSection
	GlobalSection(ExtensibilityGlobals) = postSolution
		SolutionGuid = {CB770360-9F74-45B2-8E91-F9B645731DC0}
	EndGlobalSection
EndGlobal
